{
  "requires": true,
  "lockfileVersion": 1,
  "dependencies": {
    "@thoughtbot/design-system": {
      "version": "0.2.0",
      "resolved": "https://registry.npmjs.org/@thoughtbot/design-system/-/design-system-0.2.0.tgz",
      "integrity": "sha512-TBvF4GB3a8ntSi4JBkelbRfHohXo7/lSFeOYisxhCaJfmolu5+vQOcvmsITGKwvDPwd6bnPc3W6cwJmzmOHFRA=="
    },
    "bourbon": {
      "version": "6.0.0",
      "resolved": "https://registry.npmjs.org/bourbon/-/bourbon-6.0.0.tgz",
      "integrity": "sha512-Skds0R1+GY3c1oBddh9BggYVq39Uo4ySvW33zttPk+4+nfGYpbZqwaDwENkbtV7PYhCk0ctTFkzfTNFv5365ag=="
    },
    "normalize.css": {
      "version": "8.0.1",
      "resolved": "https://registry.npmjs.org/normalize.css/-/normalize.css-8.0.1.tgz",
      "integrity": "sha512-qizSNPO93t1YUuUhP22btGOo3chcvDFqFaj2TRybP0DMxkHOCTYwp3n34fel4a31ORXy4m1Xq0Gyqpb5m33qIg=="
    }
  }
}
