{
  "requires": true,
  "lockfileVersion": 1,
  "dependencies": {
    "@thoughtbot/design-system": {
      "version": "0.1.0",
      "resolved": "https://registry.npmjs.org/@thoughtbot/design-system/-/design-system-0.1.0.tgz",
      "integrity": "sha512-uid9RCRq09QnNcacr9GWUSbBJ5tQuIEaMoi4Ynr7oNXr1e8XMTUYuFNzxxA1/wbPv4GJEhRC6WJVAk7W0ZacVA=="
    }
  }
}
